
Microsoft Visual Studio Solution File, Format Version 12.00
# Visual Studio Version 16
VisualStudioVersion = 16.0.29609.76
MinimumVisualStudioVersion = 10.0.40219.1
Project("{FAE04EC0-301F-11D3-BF4B-00C04F79EFBC}") = "MvcMusicStore", "MvcMusicStore\MvcMusicStore.csproj", "{53B894D4-2349-431A-81D9-F8423AFB9F05}"
EndProject
Global
	GlobalSection(SolutionConfigurationPlatforms) = preSolution
		Debug|Any CPU = Debug|Any CPU
		Release|Any CPU = Release|Any CPU
	EndGlobalSection
	GlobalSection(ProjectConfigurationPlatforms) = postSolution
		{53B894D4-2349-431A-81D9-F8423AFB9F05}.Debug|Any CPU.ActiveCfg = Debug|Any CPU
		{53B894D4-2349-431A-81D9-F8423AFB9F05}.Debug|Any CPU.Build.0 = Debug|Any CPU
		{53B894D4-2349-431A-81D9-F8423AFB9F05}.Release|Any CPU.ActiveCfg = Release|Any CPU
		{53B894D4-2349-431A-81D9-F8423AFB9F05}.Release|Any CPU.Build.0 = Release|Any CPU
	EndGlobalSection
	GlobalSection(SolutionProperties) = preSolution
		HideSolutionNode = FALSE
	EndGlobalSection
	GlobalSection(ExtensibilityGlobals) = postSolution
		SolutionGuid = {008E71A8-B399-4BAB-B82E-47C673843986}
	EndGlobalSection
EndGlobal
